
Microsoft Visual Studio Solution File, Format Version 12.00
# Visual Studio Version 17
VisualStudioVersion = 17.14.36518.9 d17.14
MinimumVisualStudioVersion = 10.0.40219.1
Project("{FAE04EC0-301F-11D3-BF4B-00C04F79EFBC}") = "LegacyOrderProcessor", "LegacyOrderProcessor\LegacyOrderProcessor.csproj", "{51E1DBEE-8D25-456A-8D0F-C0014AAF9B76}"
EndProject
Project("{FAE04EC0-301F-11D3-BF4B-00C04F79EFBC}") = "LegacyOrderProcessor.Tests", "LegacyOrderProcessor.Tests\LegacyOrderProcessor.Tests.csproj", "{DFA5A440-6598-48F9-85CE-2E792F2F1634}"
EndProject
Global
	GlobalSection(SolutionConfigurationPlatforms) = preSolution
		Debug|Any CPU = Debug|Any CPU
		Release|Any CPU = Release|Any CPU
	EndGlobalSection
	GlobalSection(ProjectConfigurationPlatforms) = postSolution
		{51E1DBEE-8D25-456A-8D0F-C0014AAF9B76}.Debug|Any CPU.ActiveCfg = Debug|Any CPU
		{51E1DBEE-8D25-456A-8D0F-C0014AAF9B76}.Debug|Any CPU.Build.0 = Debug|Any CPU
		{51E1DBEE-8D25-456A-8D0F-C0014AAF9B76}.Release|Any CPU.ActiveCfg = Release|Any CPU
		{51E1DBEE-8D25-456A-8D0F-C0014AAF9B76}.Release|Any CPU.Build.0 = Release|Any CPU
		{DFA5A440-6598-48F9-85CE-2E792F2F1634}.Debug|Any CPU.ActiveCfg = Debug|Any CPU
		{DFA5A440-6598-48F9-85CE-2E792F2F1634}.Debug|Any CPU.Build.0 = Debug|Any CPU
		{DFA5A440-6598-48F9-85CE-2E792F2F1634}.Release|Any CPU.ActiveCfg = Release|Any CPU
		{DFA5A440-6598-48F9-85CE-2E792F2F1634}.Release|Any CPU.Build.0 = Release|Any CPU
	EndGlobalSection
	GlobalSection(SolutionProperties) = preSolution
		HideSolutionNode = FALSE
	EndGlobalSection
	GlobalSection(ExtensibilityGlobals) = postSolution
		SolutionGuid = {AB02D9B0-D777-49EB-88CC-42D6853231C8}
	EndGlobalSection
EndGlobal
